
Microsoft Visual Studio Solution File, Format Version 12.00
# Visual Studio 15
VisualStudioVersion = 15.0.28307.136
MinimumVisualStudioVersion = 10.0.40219.1
Project("{FAE04EC0-301F-11D3-BF4B-00C04F79EFBC}") = "TripTracker.BackService", "TripTracker.BackService\TripTracker.BackService.csproj", "{1ABC90A9-67F4-4F9B-B2D2-11A31810BCDB}"
EndProject
Global
	GlobalSection(SolutionConfigurationPlatforms) = preSolution
		Debug|Any CPU = Debug|Any CPU
		Release|Any CPU = Release|Any CPU
	EndGlobalSection
	GlobalSection(ProjectConfigurationPlatforms) = postSolution
		{1ABC90A9-67F4-4F9B-B2D2-11A31810BCDB}.Debug|Any CPU.ActiveCfg = Debug|Any CPU
		{1ABC90A9-67F4-4F9B-B2D2-11A31810BCDB}.Debug|Any CPU.Build.0 = Debug|Any CPU
		{1ABC90A9-67F4-4F9B-B2D2-11A31810BCDB}.Release|Any CPU.ActiveCfg = Release|Any CPU
		{1ABC90A9-67F4-4F9B-B2D2-11A31810BCDB}.Release|Any CPU.Build.0 = Release|Any CPU
	EndGlobalSection
	GlobalSection(SolutionProperties) = preSolution
		HideSolutionNode = FALSE
	EndGlobalSection
	GlobalSection(ExtensibilityGlobals) = postSolution
		SolutionGuid = {483C39D3-E38D-4D28-9814-C3EB00CE86EA}
	EndGlobalSection
EndGlobal
